
Microsoft Visual Studio Solution File, Format Version 12.00
# Visual Studio 15
VisualStudioVersion = 15.0.28307.329
MinimumVisualStudioVersion = 10.0.40219.1
Project("{9A19103F-16F7-4668-BE54-9A1E7A4F7556}") = "EV3Coder.ConsoleParser", "EV3Coder.ConsoleParser\EV3Coder.ConsoleParser.csproj", "{B056BD9B-6002-48DE-9AA8-A40DEE7C949B}"
EndProject
Project("{9A19103F-16F7-4668-BE54-9A1E7A4F7556}") = "EV3Coder.Test", "EV3Coder.Test\EV3Coder.Test.csproj", "{742105FA-DAC4-47A0-B55E-1CC37FE900C3}"
EndProject
Project("{9A19103F-16F7-4668-BE54-9A1E7A4F7556}") = "EV3Coder.Core", "EV3Coder.Core\EV3Coder.Core.csproj", "{EC5C4CBE-FBBB-4B32-8B25-90660CD673FF}"
EndProject
Project("{9A19103F-16F7-4668-BE54-9A1E7A4F7556}") = "Lego.Ev3.Core", "Lego.Ev3.Core\Lego.Ev3.Core.csproj", "{2A6A1F1D-335D-4E74-BC4C-E49658DDC3A0}"
EndProject
Project("{9A19103F-16F7-4668-BE54-9A1E7A4F7556}") = "ConsoleCoder", "ConsoleCoder\ConsoleCoder.csproj", "{3F996A49-49E7-4E0C-92C2-6ADBA4CC149B}"
EndProject
Project("{9A19103F-16F7-4668-BE54-9A1E7A4F7556}") = "EV3Coder.XamarinController", "EV3Coder.XamarinController\EV3Coder.XamarinController\EV3Coder.XamarinController.csproj", "{798A80AF-3C00-4103-8297-444D3E851A1A}"
EndProject
Project("{FAE04EC0-301F-11D3-BF4B-00C04F79EFBC}") = "EV3Coder.XamarinController.Android", "EV3Coder.XamarinController\EV3Coder.XamarinController.Android\EV3Coder.XamarinController.Android.csproj", "{5C9050BF-E4DC-490C-936C-8AE77029AF3E}"
EndProject
Project("{FAE04EC0-301F-11D3-BF4B-00C04F79EFBC}") = "EV3Coder.XamarinController.iOS", "EV3Coder.XamarinController\EV3Coder.XamarinController.iOS\EV3Coder.XamarinController.iOS.csproj", "{E778DCE9-3962-476D-B0B4-EC72B9265D9F}"
EndProject
Project("{FAE04EC0-301F-11D3-BF4B-00C04F79EFBC}") = "EV3Coder.XamarinController.UWP", "EV3Coder.XamarinController.UWP\EV3Coder.XamarinController.UWP.csproj", "{E89E3BBA-2B83-422B-A587-843ECCC377DA}"
EndProject
Global
	GlobalSection(SolutionConfigurationPlatforms) = preSolution
		Debug|Any CPU = Debug|Any CPU
		Debug|ARM = Debug|ARM
		Debug|ARM64 = Debug|ARM64
		Debug|x64 = Debug|x64
		Debug|x86 = Debug|x86
		Release|Any CPU = Release|Any CPU
		Release|ARM = Release|ARM
		Release|ARM64 = Release|ARM64
		Release|x64 = Release|x64
		Release|x86 = Release|x86
	EndGlobalSection
	GlobalSection(ProjectConfigurationPlatforms) = postSolution
		{B056BD9B-6002-48DE-9AA8-A40DEE7C949B}.Debug|Any CPU.ActiveCfg = Debug|Any CPU
		{B056BD9B-6002-48DE-9AA8-A40DEE7C949B}.Debug|Any CPU.Build.0 = Debug|Any CPU
		{B056BD9B-6002-48DE-9AA8-A40DEE7C949B}.Debug|ARM.ActiveCfg = Debug|Any CPU
		{B056BD9B-6002-48DE-9AA8-A40DEE7C949B}.Debug|ARM.Build.0 = Debug|Any CPU
		{B056BD9B-6002-48DE-9AA8-A40DEE7C949B}.Debug|ARM64.ActiveCfg = Debug|Any CPU
		{B056BD9B-6002-48DE-9AA8-A40DEE7C949B}.Debug|ARM64.Build.0 = Debug|Any CPU
		{B056BD9B-6002-48DE-9AA8-A40DEE7C949B}.Debug|x64.ActiveCfg = Debug|Any CPU
		{B056BD9B-6002-48DE-9AA8-A40DEE7C949B}.Debug|x64.Build.0 = Debug|Any CPU
		{B056BD9B-6002-48DE-9AA8-A40DEE7C949B}.Debug|x86.ActiveCfg = Debug|Any CPU
		{B056BD9B-6002-48DE-9AA8-A40DEE7C949B}.Debug|x86.Build.0 = Debug|Any CPU
		{B056BD9B-6002-48DE-9AA8-A40DEE7C949B}.Release|Any CPU.ActiveCfg = Release|Any CPU
		{B056BD9B-6002-48DE-9AA8-A40DEE7C949B}.Release|Any CPU.Build.0 = Release|Any CPU
		{B056BD9B-6002-48DE-9AA8-A40DEE7C949B}.Release|ARM.ActiveCfg = Release|Any CPU
		{B056BD9B-6002-48DE-9AA8-A40DEE7C949B}.Release|ARM.Build.0 = Release|Any CPU
		{B056BD9B-6002-48DE-9AA8-A40DEE7C949B}.Release|ARM64.ActiveCfg = Release|Any CPU
		{B056BD9B-6002-48DE-9AA8-A40DEE7C949B}.Release|ARM64.Build.0 = Release|Any CPU
		{B056BD9B-6002-48DE-9AA8-A40DEE7C949B}.Release|x64.ActiveCfg = Release|Any CPU
		{B056BD9B-6002-48DE-9AA8-A40DEE7C949B}.Release|x64.Build.0 = Release|Any CPU
		{B056BD9B-6002-48DE-9AA8-A40DEE7C949B}.Release|x86.ActiveCfg = Release|Any CPU
		{B056BD9B-6002-48DE-9AA8-A40DEE7C949B}.Release|x86.Build.0 = Release|Any CPU
		{742105FA-DAC4-47A0-B55E-1CC37FE900C3}.Debug|Any CPU.ActiveCfg = Debug|Any CPU
		{742105FA-DAC4-47A0-B55E-1CC37FE900C3}.Debug|Any CPU.Build.0 = Debug|Any CPU
		{742105FA-DAC4-47A0-B55E-1CC37FE900C3}.Debug|ARM.ActiveCfg = Debug|Any CPU
		{742105FA-DAC4-47A0-B55E-1CC37FE900C3}.Debug|ARM.Build.0 = Debug|Any CPU
		{742105FA-DAC4-47A0-B55E-1CC37FE900C3}.Debug|ARM64.ActiveCfg = Debug|Any CPU
		{742105FA-DAC4-47A0-B55E-1CC37FE900C3}.Debug|ARM64.Build.0 = Debug|Any CPU
		{742105FA-DAC4-47A0-B55E-1CC37FE900C3}.Debug|x64.ActiveCfg = Debug|Any CPU
		{742105FA-DAC4-47A0-B55E-1CC37FE900C3}.Debug|x64.Build.0 = Debug|Any CPU
		{742105FA-DAC4-47A0-B55E-1CC37FE900C3}.Debug|x86.ActiveCfg = Debug|Any CPU
		{742105FA-DAC4-47A0-B55E-1CC37FE900C3}.Debug|x86.Build.0 = Debug|Any CPU
		{742105FA-DAC4-47A0-B55E-1CC37FE900C3}.Release|Any CPU.ActiveCfg = Release|Any CPU
		{742105FA-DAC4-47A0-B55E-1CC37FE900C3}.Release|Any CPU.Build.0 = Release|Any CPU
		{742105FA-DAC4-47A0-B55E-1CC37FE900C3}.Release|ARM.ActiveCfg = Release|Any CPU
		{742105FA-DAC4-47A0-B55E-1CC37FE900C3}.Release|ARM.Build.0 = Release|Any CPU
		{742105FA-DAC4-47A0-B55E-1CC37FE900C3}.Release|ARM64.ActiveCfg = Release|Any CPU
		{742105FA-DAC4-47A0-B55E-1CC37FE900C3}.Release|ARM64.Build.0 = Release|Any CPU
		{742105FA-DAC4-47A0-B55E-1CC37FE900C3}.Release|x64.ActiveCfg = Release|Any CPU
		{742105FA-DAC4-47A0-B55E-1CC37FE900C3}.Release|x64.Build.0 = Release|Any CPU
		{742105FA-DAC4-47A0-B55E-1CC37FE900C3}.Release|x86.ActiveCfg = Release|Any CPU
		{742105FA-DAC4-47A0-B55E-1CC37FE900C3}.Release|x86.Build.0 = Release|Any CPU
		{EC5C4CBE-FBBB-4B32-8B25-90660CD673FF}.Debug|Any CPU.ActiveCfg = Debug|Any CPU
		{EC5C4CBE-FBBB-4B32-8B25-90660CD673FF}.Debug|Any CPU.Build.0 = Debug|Any CPU
		{EC5C4CBE-FBBB-4B32-8B25-90660CD673FF}.Debug|ARM.ActiveCfg = Debug|Any CPU
		{EC5C4CBE-FBBB-4B32-8B25-90660CD673FF}.Debug|ARM.Build.0 = Debug|Any CPU
		{EC5C4CBE-FBBB-4B32-8B25-90660CD673FF}.Debug|ARM64.ActiveCfg = Debug|Any CPU
		{EC5C4CBE-FBBB-4B32-8B25-90660CD673FF}.Debug|ARM64.Build.0 = Debug|Any CPU
		{EC5C4CBE-FBBB-4B32-8B25-90660CD673FF}.Debug|x64.ActiveCfg = Debug|Any CPU
		{EC5C4CBE-FBBB-4B32-8B25-90660CD673FF}.Debug|x64.Build.0 = Debug|Any CPU
		{EC5C4CBE-FBBB-4B32-8B25-90660CD673FF}.Debug|x86.ActiveCfg = Debug|Any CPU
		{EC5C4CBE-FBBB-4B32-8B25-90660CD673FF}.Debug|x86.Build.0 = Debug|Any CPU
		{EC5C4CBE-FBBB-4B32-8B25-90660CD673FF}.Release|Any CPU.ActiveCfg = Release|Any CPU
		{EC5C4CBE-FBBB-4B32-8B25-90660CD673FF}.Release|Any CPU.Build.0 = Release|Any CPU
		{EC5C4CBE-FBBB-4B32-8B25-90660CD673FF}.Release|ARM.ActiveCfg = Release|Any CPU
		{EC5C4CBE-FBBB-4B32-8B25-90660CD673FF}.Release|ARM.Build.0 = Release|Any CPU
		{EC5C4CBE-FBBB-4B32-8B25-90660CD673FF}.Release|ARM64.ActiveCfg = Release|Any CPU
		{EC5C4CBE-FBBB-4B32-8B25-90660CD673FF}.Release|ARM64.Build.0 = Release|Any CPU
		{EC5C4CBE-FBBB-4B32-8B25-90660CD673FF}.Release|x64.ActiveCfg = Release|Any CPU
		{EC5C4CBE-FBBB-4B32-8B25-90660CD673FF}.Release|x64.Build.0 = Release|Any CPU
		{EC5C4CBE-FBBB-4B32-8B25-90660CD673FF}.Release|x86.ActiveCfg = Release|Any CPU
		{EC5C4CBE-FBBB-4B32-8B25-90660CD673FF}.Release|x86.Build.0 = Release|Any CPU
		{2A6A1F1D-335D-4E74-BC4C-E49658DDC3A0}.Debug|Any CPU.ActiveCfg = Debug|Any CPU
		{2A6A1F1D-335D-4E74-BC4C-E49658DDC3A0}.Debug|Any CPU.Build.0 = Debug|Any CPU
		{2A6A1F1D-335D-4E74-BC4C-E49658DDC3A0}.Debug|ARM.ActiveCfg = Debug|Any CPU
		{2A6A1F1D-335D-4E74-BC4C-E49658DDC3A0}.Debug|ARM.Build.0 = Debug|Any CPU
		{2A6A1F1D-335D-4E74-BC4C-E49658DDC3A0}.Debug|ARM64.ActiveCfg = Debug|Any CPU
		{2A6A1F1D-335D-4E74-BC4C-E49658DDC3A0}.Debug|ARM64.Build.0 = Debug|Any CPU
		{2A6A1F1D-335D-4E74-BC4C-E49658DDC3A0}.Debug|x64.ActiveCfg = Debug|Any CPU
		{2A6A1F1D-335D-4E74-BC4C-E49658DDC3A0}.Debug|x64.Build.0 = Debug|Any CPU
		{2A6A1F1D-335D-4E74-BC4C-E49658DDC3A0}.Debug|x86.ActiveCfg = Debug|Any CPU
		{2A6A1F1D-335D-4E74-BC4C-E49658DDC3A0}.Debug|x86.Build.0 = Debug|Any CPU
		{2A6A1F1D-335D-4E74-BC4C-E49658DDC3A0}.Release|Any CPU.ActiveCfg = Release|Any CPU
		{2A6A1F1D-335D-4E74-BC4C-E49658DDC3A0}.Release|Any CPU.Build.0 = Release|Any CPU
		{2A6A1F1D-335D-4E74-BC4C-E49658DDC3A0}.Release|ARM.ActiveCfg = Release|Any CPU
		{2A6A1F1D-335D-4E74-BC4C-E49658DDC3A0}.Release|ARM.Build.0 = Release|Any CPU
		{2A6A1F1D-335D-4E74-BC4C-E49658DDC3A0}.Release|ARM64.ActiveCfg = Release|Any CPU
		{2A6A1F1D-335D-4E74-BC4C-E49658DDC3A0}.Release|ARM64.Build.0 = Release|Any CPU
		{2A6A1F1D-335D-4E74-BC4C-E49658DDC3A0}.Release|x64.ActiveCfg = Release|Any CPU
		{2A6A1F1D-335D-4E74-BC4C-E49658DDC3A0}.Release|x64.Build.0 = Release|Any CPU
		{2A6A1F1D-335D-4E74-BC4C-E49658DDC3A0}.Release|x86.ActiveCfg = Release|Any CPU
		{2A6A1F1D-335D-4E74-BC4C-E49658DDC3A0}.Release|x86.Build.0 = Release|Any CPU
		{3F996A49-49E7-4E0C-92C2-6ADBA4CC149B}.Debug|Any CPU.ActiveCfg = Debug|Any CPU
		{3F996A49-49E7-4E0C-92C2-6ADBA4CC149B}.Debug|Any CPU.Build.0 = Debug|Any CPU
		{3F996A49-49E7-4E0C-92C2-6ADBA4CC149B}.Debug|ARM.ActiveCfg = Debug|Any CPU
		{3F996A49-49E7-4E0C-92C2-6ADBA4CC149B}.Debug|ARM.Build.0 = Debug|Any CPU
		{3F996A49-49E7-4E0C-92C2-6ADBA4CC149B}.Debug|ARM64.ActiveCfg = Debug|Any CPU
		{3F996A49-49E7-4E0C-92C2-6ADBA4CC149B}.Debug|ARM64.Build.0 = Debug|Any CPU
		{3F996A49-49E7-4E0C-92C2-6ADBA4CC149B}.Debug|x64.ActiveCfg = Debug|Any CPU
		{3F996A49-49E7-4E0C-92C2-6ADBA4CC149B}.Debug|x64.Build.0 = Debug|Any CPU
		{3F996A49-49E7-4E0C-92C2-6ADBA4CC149B}.Debug|x86.ActiveCfg = Debug|Any CPU
		{3F996A49-49E7-4E0C-92C2-6ADBA4CC149B}.Debug|x86.Build.0 = Debug|Any CPU
		{3F996A49-49E7-4E0C-92C2-6ADBA4CC149B}.Release|Any CPU.ActiveCfg = Release|Any CPU
		{3F996A49-49E7-4E0C-92C2-6ADBA4CC149B}.Release|Any CPU.Build.0 = Release|Any CPU
		{3F996A49-49E7-4E0C-92C2-6ADBA4CC149B}.Release|ARM.ActiveCfg = Release|Any CPU
		{3F996A49-49E7-4E0C-92C2-6ADBA4CC149B}.Release|ARM.Build.0 = Release|Any CPU
		{3F996A49-49E7-4E0C-92C2-6ADBA4CC149B}.Release|ARM64.ActiveCfg = Release|Any CPU
		{3F996A49-49E7-4E0C-92C2-6ADBA4CC149B}.Release|ARM64.Build.0 = Release|Any CPU
		{3F996A49-49E7-4E0C-92C2-6ADBA4CC149B}.Release|x64.ActiveCfg = Release|Any CPU
		{3F996A49-49E7-4E0C-92C2-6ADBA4CC149B}.Release|x64.Build.0 = Release|Any CPU
		{3F996A49-49E7-4E0C-92C2-6ADBA4CC149B}.Release|x86.ActiveCfg = Release|Any CPU
		{3F996A49-49E7-4E0C-92C2-6ADBA4CC149B}.Release|x86.Build.0 = Release|Any CPU
		{798A80AF-3C00-4103-8297-444D3E851A1A}.Debug|Any CPU.ActiveCfg = Debug|Any CPU
		{798A80AF-3C00-4103-8297-444D3E851A1A}.Debug|Any CPU.Build.0 = Debug|Any CPU
		{798A80AF-3C00-4103-8297-444D3E851A1A}.Debug|ARM.ActiveCfg = Debug|Any CPU
		{798A80AF-3C00-4103-8297-444D3E851A1A}.Debug|ARM.Build.0 = Debug|Any CPU
		{798A80AF-3C00-4103-8297-444D3E851A1A}.Debug|ARM64.ActiveCfg = Debug|Any CPU
		{798A80AF-3C00-4103-8297-444D3E851A1A}.Debug|ARM64.Build.0 = Debug|Any CPU
		{798A80AF-3C00-4103-8297-444D3E851A1A}.Debug|x64.ActiveCfg = Debug|Any CPU
		{798A80AF-3C00-4103-8297-444D3E851A1A}.Debug|x64.Build.0 = Debug|Any CPU
		{798A80AF-3C00-4103-8297-444D3E851A1A}.Debug|x86.ActiveCfg = Debug|Any CPU
		{798A80AF-3C00-4103-8297-444D3E851A1A}.Debug|x86.Build.0 = Debug|Any CPU
		{798A80AF-3C00-4103-8297-444D3E851A1A}.Release|Any CPU.ActiveCfg = Release|Any CPU
		{798A80AF-3C00-4103-8297-444D3E851A1A}.Release|Any CPU.Build.0 = Release|Any CPU
		{798A80AF-3C00-4103-8297-444D3E851A1A}.Release|ARM.ActiveCfg = Release|Any CPU
		{798A80AF-3C00-4103-8297-444D3E851A1A}.Release|ARM.Build.0 = Release|Any CPU
		{798A80AF-3C00-4103-8297-444D3E851A1A}.Release|ARM64.ActiveCfg = Release|Any CPU
		{798A80AF-3C00-4103-8297-444D3E851A1A}.Release|ARM64.Build.0 = Release|Any CPU
		{798A80AF-3C00-4103-8297-444D3E851A1A}.Release|x64.ActiveCfg = Release|Any CPU
		{798A80AF-3C00-4103-8297-444D3E851A1A}.Release|x64.Build.0 = Release|Any CPU
		{798A80AF-3C00-4103-8297-444D3E851A1A}.Release|x86.ActiveCfg = Release|Any CPU
		{798A80AF-3C00-4103-8297-444D3E851A1A}.Release|x86.Build.0 = Release|Any CPU
		{5C9050BF-E4DC-490C-936C-8AE77029AF3E}.Debug|Any CPU.ActiveCfg = Debug|Any CPU
		{5C9050BF-E4DC-490C-936C-8AE77029AF3E}.Debug|Any CPU.Build.0 = Debug|Any CPU
		{5C9050BF-E4DC-490C-936C-8AE77029AF3E}.Debug|ARM.ActiveCfg = Debug|Any CPU
		{5C9050BF-E4DC-490C-936C-8AE77029AF3E}.Debug|ARM.Build.0 = Debug|Any CPU
		{5C9050BF-E4DC-490C-936C-8AE77029AF3E}.Debug|ARM.Deploy.0 = Debug|Any CPU
		{5C9050BF-E4DC-490C-936C-8AE77029AF3E}.Debug|ARM64.ActiveCfg = Debug|Any CPU
		{5C9050BF-E4DC-490C-936C-8AE77029AF3E}.Debug|ARM64.Build.0 = Debug|Any CPU
		{5C9050BF-E4DC-490C-936C-8AE77029AF3E}.Debug|ARM64.Deploy.0 = Debug|Any CPU
		{5C9050BF-E4DC-490C-936C-8AE77029AF3E}.Debug|x64.ActiveCfg = Debug|Any CPU
		{5C9050BF-E4DC-490C-936C-8AE77029AF3E}.Debug|x64.Build.0 = Debug|Any CPU
		{5C9050BF-E4DC-490C-936C-8AE77029AF3E}.Debug|x64.Deploy.0 = Debug|Any CPU
		{5C9050BF-E4DC-490C-936C-8AE77029AF3E}.Debug|x86.ActiveCfg = Debug|Any CPU
		{5C9050BF-E4DC-490C-936C-8AE77029AF3E}.Debug|x86.Build.0 = Debug|Any CPU
		{5C9050BF-E4DC-490C-936C-8AE77029AF3E}.Debug|x86.Deploy.0 = Debug|Any CPU
		{5C9050BF-E4DC-490C-936C-8AE77029AF3E}.Release|Any CPU.ActiveCfg = Release|Any CPU
		{5C9050BF-E4DC-490C-936C-8AE77029AF3E}.Release|Any CPU.Build.0 = Release|Any CPU
		{5C9050BF-E4DC-490C-936C-8AE77029AF3E}.Release|ARM.ActiveCfg = Release|Any CPU
		{5C9050BF-E4DC-490C-936C-8AE77029AF3E}.Release|ARM.Build.0 = Release|Any CPU
		{5C9050BF-E4DC-490C-936C-8AE77029AF3E}.Release|ARM.Deploy.0 = Release|Any CPU
		{5C9050BF-E4DC-490C-936C-8AE77029AF3E}.Release|ARM64.ActiveCfg = Release|Any CPU
		{5C9050BF-E4DC-490C-936C-8AE77029AF3E}.Release|ARM64.Build.0 = Release|Any CPU
		{5C9050BF-E4DC-490C-936C-8AE77029AF3E}.Release|ARM64.Deploy.0 = Release|Any CPU
		{5C9050BF-E4DC-490C-936C-8AE77029AF3E}.Release|x64.ActiveCfg = Release|Any CPU
		{5C9050BF-E4DC-490C-936C-8AE77029AF3E}.Release|x64.Build.0 = Release|Any CPU
		{5C9050BF-E4DC-490C-936C-8AE77029AF3E}.Release|x64.Deploy.0 = Release|Any CPU
		{5C9050BF-E4DC-490C-936C-8AE77029AF3E}.Release|x86.ActiveCfg = Release|Any CPU
		{5C9050BF-E4DC-490C-936C-8AE77029AF3E}.Release|x86.Build.0 = Release|Any CPU
		{5C9050BF-E4DC-490C-936C-8AE77029AF3E}.Release|x86.Deploy.0 = Release|Any CPU
		{E778DCE9-3962-476D-B0B4-EC72B9265D9F}.Debug|Any CPU.ActiveCfg = Debug|iPhoneSimulator
		{E778DCE9-3962-476D-B0B4-EC72B9265D9F}.Debug|Any CPU.Build.0 = Debug|iPhoneSimulator
		{E778DCE9-3962-476D-B0B4-EC72B9265D9F}.Debug|ARM.ActiveCfg = Debug|iPhone
		{E778DCE9-3962-476D-B0B4-EC72B9265D9F}.Debug|ARM64.ActiveCfg = Debug|iPhone
		{E778DCE9-3962-476D-B0B4-EC72B9265D9F}.Debug|x64.ActiveCfg = Debug|iPhone
		{E778DCE9-3962-476D-B0B4-EC72B9265D9F}.Debug|x86.ActiveCfg = Debug|iPhone
		{E778DCE9-3962-476D-B0B4-EC72B9265D9F}.Release|Any CPU.ActiveCfg = Release|iPhoneSimulator
		{E778DCE9-3962-476D-B0B4-EC72B9265D9F}.Release|Any CPU.Build.0 = Release|iPhoneSimulator
		{E778DCE9-3962-476D-B0B4-EC72B9265D9F}.Release|ARM.ActiveCfg = Release|iPhone
		{E778DCE9-3962-476D-B0B4-EC72B9265D9F}.Release|ARM64.ActiveCfg = Release|iPhone
		{E778DCE9-3962-476D-B0B4-EC72B9265D9F}.Release|x64.ActiveCfg = Release|iPhone
		{E778DCE9-3962-476D-B0B4-EC72B9265D9F}.Release|x86.ActiveCfg = Release|iPhone
		{E89E3BBA-2B83-422B-A587-843ECCC377DA}.Debug|Any CPU.ActiveCfg = Debug|x86
		{E89E3BBA-2B83-422B-A587-843ECCC377DA}.Debug|Any CPU.Build.0 = Debug|x86
		{E89E3BBA-2B83-422B-A587-843ECCC377DA}.Debug|ARM.ActiveCfg = Debug|ARM
		{E89E3BBA-2B83-422B-A587-843ECCC377DA}.Debug|ARM.Build.0 = Debug|ARM
		{E89E3BBA-2B83-422B-A587-843ECCC377DA}.Debug|ARM.Deploy.0 = Debug|ARM
		{E89E3BBA-2B83-422B-A587-843ECCC377DA}.Debug|ARM64.ActiveCfg = Debug|ARM64
		{E89E3BBA-2B83-422B-A587-843ECCC377DA}.Debug|ARM64.Build.0 = Debug|ARM64
		{E89E3BBA-2B83-422B-A587-843ECCC377DA}.Debug|ARM64.Deploy.0 = Debug|ARM64
		{E89E3BBA-2B83-422B-A587-843ECCC377DA}.Debug|x64.ActiveCfg = Debug|x64
		{E89E3BBA-2B83-422B-A587-843ECCC377DA}.Debug|x64.Build.0 = Debug|x64
		{E89E3BBA-2B83-422B-A587-843ECCC377DA}.Debug|x64.Deploy.0 = Debug|x64
		{E89E3BBA-2B83-422B-A587-843ECCC377DA}.Debug|x86.ActiveCfg = Debug|x86
		{E89E3BBA-2B83-422B-A587-843ECCC377DA}.Debug|x86.Build.0 = Debug|x86
		{E89E3BBA-2B83-422B-A587-843ECCC377DA}.Debug|x86.Deploy.0 = Debug|x86
		{E89E3BBA-2B83-422B-A587-843ECCC377DA}.Release|Any CPU.ActiveCfg = Release|x86
		{E89E3BBA-2B83-422B-A587-843ECCC377DA}.Release|ARM.ActiveCfg = Release|ARM
		{E89E3BBA-2B83-422B-A587-843ECCC377DA}.Release|ARM.Build.0 = Release|ARM
		{E89E3BBA-2B83-422B-A587-843ECCC377DA}.Release|ARM.Deploy.0 = Release|ARM
		{E89E3BBA-2B83-422B-A587-843ECCC377DA}.Release|ARM64.ActiveCfg = Release|ARM64
		{E89E3BBA-2B83-422B-A587-843ECCC377DA}.Release|ARM64.Build.0 = Release|ARM64
		{E89E3BBA-2B83-422B-A587-843ECCC377DA}.Release|ARM64.Deploy.0 = Release|ARM64
		{E89E3BBA-2B83-422B-A587-843ECCC377DA}.Release|x64.ActiveCfg = Release|x64
		{E89E3BBA-2B83-422B-A587-843ECCC377DA}.Release|x64.Build.0 = Release|x64
		{E89E3BBA-2B83-422B-A587-843ECCC377DA}.Release|x64.Deploy.0 = Release|x64
		{E89E3BBA-2B83-422B-A587-843ECCC377DA}.Release|x86.ActiveCfg = Release|x86
		{E89E3BBA-2B83-422B-A587-843ECCC377DA}.Release|x86.Build.0 = Release|x86
		{E89E3BBA-2B83-422B-A587-843ECCC377DA}.Release|x86.Deploy.0 = Release|x86
	EndGlobalSection
	GlobalSection(SolutionProperties) = preSolution
		HideSolutionNode = FALSE
	EndGlobalSection
	GlobalSection(ExtensibilityGlobals) = postSolution
		SolutionGuid = {14B01C32-08DE-4FE7-81BF-532BC66C4441}
	EndGlobalSection
EndGlobal
